// !$*UTF8*$!
{
	archiveVersion = 1;
	classes = {
	};
	objectVersion = 55;
	objects = {

/* Begin PBXBuildFile section */
		A19710F127DDD7EA00880014 /* AppDelegate.swift in Sources */ = {isa = PBXBuildFile; fileRef = A19710F027DDD7EA00880014 /* AppDelegate.swift */; };
		A19710F327DDD7EA00880014 /* SceneDelegate.swift in Sources */ = {isa = PBXBuildFile; fileRef = A19710F227DDD7EA00880014 /* SceneDelegate.swift */; };
		A19710F527DDD7EA00880014 /* IntroductionViewController.swift in Sources */ = {isa = PBXBuildFile; fileRef = A19710F427DDD7EA00880014 /* IntroductionViewController.swift */; };
		A19710F827DDD7EA00880014 /* Main.storyboard in Resources */ = {isa = PBXBuildFile; fileRef = A19710F627DDD7EA00880014 /* Main.storyboard */; };
		A19710FA27DDD7EB00880014 /* Assets.xcassets in Resources */ = {isa = PBXBuildFile; fileRef = A19710F927DDD7EB00880014 /* Assets.xcassets */; };
		A19710FD27DDD7EB00880014 /* LaunchScreen.storyboard in Resources */ = {isa = PBXBuildFile; fileRef = A19710FB27DDD7EB00880014 /* LaunchScreen.storyboard */; };
		A197110A27DDEFA200880014 /* Question.swift in Sources */ = {isa = PBXBuildFile; fileRef = A197110927DDEFA200880014 /* Question.swift */; };
		A1F9D15F27E03C450016E8B6 /* QuestionsViewController.swift in Sources */ = {isa = PBXBuildFile; fileRef = A1F9D15E27E03C450016E8B6 /* QuestionsViewController.swift */; };
		A1F9D16127E03C580016E8B6 /* ResultViewController.swift in Sources */ = {isa = PBXBuildFile; fileRef = A1F9D16027E03C580016E8B6 /* ResultViewController.swift */; };
		A1F9D16327E0BECD0016E8B6 /* Animal.swift in Sources */ = {isa = PBXBuildFile; fileRef = A1F9D16227E0BECD0016E8B6 /* Animal.swift */; };
/* End PBXBuildFile section */

/* Begin PBXFileReference section */
		A19710ED27DDD7EA00880014 /* PersonalQuiz.app */ = {isa = PBXFileReference; explicitFileType = wrapper.application; includeInIndex = 0; path = PersonalQuiz.app; sourceTree = BUILT_PRODUCTS_DIR; };
		A19710F027DDD7EA00880014 /* AppDelegate.swift */ = {isa = PBXFileReference; lastKnownFileType = sourcecode.swift; path = AppDelegate.swift; sourceTree = "<group>"; };
		A19710F227DDD7EA00880014 /* SceneDelegate.swift */ = {isa = PBXFileReference; lastKnownFileType = sourcecode.swift; path = SceneDelegate.swift; sourceTree = "<group>"; };
		A19710F427DDD7EA00880014 /* IntroductionViewController.swift */ = {isa = PBXFileReference; lastKnownFileType = sourcecode.swift; path = IntroductionViewController.swift; sourceTree = "<group>"; };
		A19710F727DDD7EA00880014 /* Base */ = {isa = PBXFileReference; lastKnownFileType = file.storyboard; name = Base; path = Base.lproj/Main.storyboard; sourceTree = "<group>"; };
		A19710F927DDD7EB00880014 /* Assets.xcassets */ = {isa = PBXFileReference; lastKnownFileType = folder.assetcatalog; path = Assets.xcassets; sourceTree = "<group>"; };
		A19710FC27DDD7EB00880014 /* Base */ = {isa = PBXFileReference; lastKnownFileType = file.storyboard; name = Base; path = Base.lproj/LaunchScreen.storyboard; sourceTree = "<group>"; };
		A19710FE27DDD7EB00880014 /* Info.plist */ = {isa = PBXFileReference; lastKnownFileType = text.plist.xml; path = Info.plist; sourceTree = "<group>"; };
		A197110927DDEFA200880014 /* Question.swift */ = {isa = PBXFileReference; lastKnownFileType = sourcecode.swift; path = Question.swift; sourceTree = "<group>"; };
		A1F9D15E27E03C450016E8B6 /* QuestionsViewController.swift */ = {isa = PBXFileReference; lastKnownFileType = sourcecode.swift; path = QuestionsViewController.swift; sourceTree = "<group>"; };
		A1F9D16027E03C580016E8B6 /* ResultViewController.swift */ = {isa = PBXFileReference; lastKnownFileType = sourcecode.swift; path = ResultViewController.swift; sourceTree = "<group>"; };
		A1F9D16227E0BECD0016E8B6 /* Animal.swift */ = {isa = PBXFileReference; lastKnownFileType = sourcecode.swift; path = Animal.swift; sourceTree = "<group>"; };
/* End PBXFileReference section */

/* Begin PBXFrameworksBuildPhase section */
		A19710EA27DDD7EA00880014 /* Frameworks */ = {
			isa = PBXFrameworksBuildPhase;
			buildActionMask = 2147483647;
			files = (
			);
			runOnlyForDeploymentPostprocessing = 0;
		};
/* End PBXFrameworksBuildPhase section */

/* Begin PBXGroup section */
		A19710E427DDD7EA00880014 = {
			isa = PBXGroup;
			children = (
				A19710EF27DDD7EA00880014 /* PersonalQuiz */,
				A19710EE27DDD7EA00880014 /* Products */,
			);
			sourceTree = "<group>";
		};
		A19710EE27DDD7EA00880014 /* Products */ = {
			isa = PBXGroup;
			children = (
				A19710ED27DDD7EA00880014 /* PersonalQuiz.app */,
			);
			name = Products;
			sourceTree = "<group>";
		};
		A19710EF27DDD7EA00880014 /* PersonalQuiz */ = {
			isa = PBXGroup;
			children = (
				A197110827DDDE4700880014 /* Models */,
				A197110427DDDD2100880014 /* ViewControllers */,
				A197110727DDDDDD00880014 /* Storyboards */,
				A197110627DDDDB000880014 /* Resources */,
				A197110527DDDD8600880014 /* App */,
			);
			path = PersonalQuiz;
			sourceTree = "<group>";
		};
		A197110427DDDD2100880014 /* ViewControllers */ = {
			isa = PBXGroup;
			children = (
				A19710F427DDD7EA00880014 /* IntroductionViewController.swift */,
				A1F9D15E27E03C450016E8B6 /* QuestionsViewController.swift */,
				A1F9D16027E03C580016E8B6 /* ResultViewController.swift */,
			);
			name = ViewControllers;
			sourceTree = "<group>";
		};
		A197110527DDDD8600880014 /* App */ = {
			isa = PBXGroup;
			children = (
				A19710F027DDD7EA00880014 /* AppDelegate.swift */,
				A19710F227DDD7EA00880014 /* SceneDelegate.swift */,
				A19710FE27DDD7EB00880014 /* Info.plist */,
			);
			name = App;
			sourceTree = "<group>";
		};
		A197110627DDDDB000880014 /* Resources */ = {
			isa = PBXGroup;
			children = (
				A19710F927DDD7EB00880014 /* Assets.xcassets */,
			);
			name = Resources;
			sourceTree = "<group>";
		};
		A197110727DDDDDD00880014 /* Storyboards */ = {
			isa = PBXGroup;
			children = (
				A19710F627DDD7EA00880014 /* Main.storyboard */,
				A19710FB27DDD7EB00880014 /* LaunchScreen.storyboard */,
			);
			name = Storyboards;
			sourceTree = "<group>";
		};
		A197110827DDDE4700880014 /* Models */ = {
			isa = PBXGroup;
			children = (
				A197110927DDEFA200880014 /* Question.swift */,
				A1F9D16227E0BECD0016E8B6 /* Animal.swift */,
			);
			name = Models;
			sourceTree = "<group>";
		};
/* End PBXGroup section */

/* Begin PBXNativeTarget section */
		A19710EC27DDD7EA00880014 /* PersonalQuiz */ = {
			isa = PBXNativeTarget;
			buildConfigurationList = A197110127DDD7EB00880014 /* Build configuration list for PBXNativeTarget "PersonalQuiz" */;
			buildPhases = (
				A19710E927DDD7EA00880014 /* Sources */,
				A19710EA27DDD7EA00880014 /* Frameworks */,
				A19710EB27DDD7EA00880014 /* Resources */,
			);
			buildRules = (
			);
			dependencies = (
			);
			name = PersonalQuiz;
			productName = PersonalQuiz;
			productReference = A19710ED27DDD7EA00880014 /* PersonalQuiz.app */;
			productType = "com.apple.product-type.application";
		};
/* End PBXNativeTarget section */

/* Begin PBXProject section */
		A19710E527DDD7EA00880014 /* Project object */ = {
			isa = PBXProject;
			attributes = {
				BuildIndependentTargetsInParallel = 1;
				LastSwiftUpdateCheck = 1320;
				LastUpgradeCheck = 1320;
				TargetAttributes = {
					A19710EC27DDD7EA00880014 = {
						CreatedOnToolsVersion = 13.2.1;
					};
				};
			};
			buildConfigurationList = A19710E827DDD7EA00880014 /* Build configuration list for PBXProject "PersonalQuiz" */;
			compatibilityVersion = "Xcode 13.0";
			developmentRegion = en;
			hasScannedForEncodings = 0;
			knownRegions = (
				en,
				Base,
			);
			mainGroup = A19710E427DDD7EA00880014;
			productRefGroup = A19710EE27DDD7EA00880014 /* Products */;
			projectDirPath = "";
			projectRoot = "";
			targets = (
				A19710EC27DDD7EA00880014 /* PersonalQuiz */,
			);
		};
/* End PBXProject section */

/* Begin PBXResourcesBuildPhase section */
		A19710EB27DDD7EA00880014 /* Resources */ = {
			isa = PBXResourcesBuildPhase;
			buildActionMask = 2147483647;
			files = (
				A19710FD27DDD7EB00880014 /* LaunchScreen.storyboard in Resources */,
				A19710FA27DDD7EB00880014 /* Assets.xcassets in Resources */,
				A19710F827DDD7EA00880014 /* Main.storyboard in Resources */,
			);
			runOnlyForDeploymentPostprocessing = 0;
		};
/* End PBXResourcesBuildPhase section */

/* Begin PBXSourcesBuildPhase section */
		A19710E927DDD7EA00880014 /* Sources */ = {
			isa = PBXSourcesBuildPhase;
			buildActionMask = 2147483647;
			files = (
				A19710F527DDD7EA00880014 /* IntroductionViewController.swift in Sources */,
				A1F9D15F27E03C450016E8B6 /* QuestionsViewController.swift in Sources */,
				A197110A27DDEFA200880014 /* Question.swift in Sources */,
				A19710F127DDD7EA00880014 /* AppDelegate.swift in Sources */,
				A1F9D16327E0BECD0016E8B6 /* Animal.swift in Sources */,
				A19710F327DDD7EA00880014 /* SceneDelegate.swift in Sources */,
				A1F9D16127E03C580016E8B6 /* ResultViewController.swift in Sources */,
			);
			runOnlyForDeploymentPostprocessing = 0;
		};
/* End PBXSourcesBuildPhase section */

/* Begin PBXVariantGroup section */
		A19710F627DDD7EA00880014 /* Main.storyboard */ = {
			isa = PBXVariantGroup;
			children = (
				A19710F727DDD7EA00880014 /* Base */,
			);
			name = Main.storyboard;
			sourceTree = "<group>";
		};
		A19710FB27DDD7EB00880014 /* LaunchScreen.storyboard */ = {
			isa = PBXVariantGroup;
			children = (
				A19710FC27DDD7EB00880014 /* Base */,
			);
			name = LaunchScreen.storyboard;
			sourceTree = "<group>";
		};
/* End PBXVariantGroup section */

/* Begin XCBuildConfiguration section */
		A19710FF27DDD7EB00880014 /* Debug */ = {
			isa = XCBuildConfiguration;
			buildSettings = {
				ALWAYS_SEARCH_USER_PATHS = NO;
				CLANG_ANALYZER_NONNULL = YES;
				CLANG_ANALYZER_NUMBER_OBJECT_CONVERSION = YES_AGGRESSIVE;
				CLANG_CXX_LANGUAGE_STANDARD = "gnu++17";
				CLANG_CXX_LIBRARY = "libc++";
				CLANG_ENABLE_MODULES = YES;
				CLANG_ENABLE_OBJC_ARC = YES;
				CLANG_ENABLE_OBJC_WEAK = YES;
				CLANG_WARN_BLOCK_CAPTURE_AUTORELEASING = YES;
				CLANG_WARN_BOOL_CONVERSION = YES;
				CLANG_WARN_COMMA = YES;
				CLANG_WARN_CONSTANT_CONVERSION = YES;
				CLANG_WARN_DEPRECATED_OBJC_IMPLEMENTATIONS = YES;
				CLANG_WARN_DIRECT_OBJC_ISA_USAGE = YES_ERROR;
				CLANG_WARN_DOCUMENTATION_COMMENTS = YES;
				CLANG_WARN_EMPTY_BODY = YES;
				CLANG_WARN_ENUM_CONVERSION = YES;
				CLANG_WARN_INFINITE_RECURSION = YES;
				CLANG_WARN_INT_CONVERSION = YES;
				CLANG_WARN_NON_LITERAL_NULL_CONVERSION = YES;
				CLANG_WARN_OBJC_IMPLICIT_RETAIN_SELF = YES;
				CLANG_WARN_OBJC_LITERAL_CONVERSION = YES;
				CLANG_WARN_OBJC_ROOT_CLASS = YES_ERROR;
				CLANG_WARN_QUOTED_INCLUDE_IN_FRAMEWORK_HEADER = YES;
				CLANG_WARN_RANGE_LOOP_ANALYSIS = YES;
				CLANG_WARN_STRICT_PROTOTYPES = YES;
				CLANG_WARN_SUSPICIOUS_MOVE = YES;
				CLANG_WARN_UNGUARDED_AVAILABILITY = YES_AGGRESSIVE;
				CLANG_WARN_UNREACHABLE_CODE = YES;
				CLANG_WARN__DUPLICATE_METHOD_MATCH = YES;
				COPY_PHASE_STRIP = NO;
				DEBUG_INFORMATION_FORMAT = dwarf;
				ENABLE_STRICT_OBJC_MSGSEND = YES;
				ENABLE_TESTABILITY = YES;
				GCC_C_LANGUAGE_STANDARD = gnu11;
				GCC_DYNAMIC_NO_PIC = NO;
				GCC_NO_COMMON_BLOCKS = YES;
				GCC_OPTIMIZATION_LEVEL = 0;
				GCC_PREPROCESSOR_DEFINITIONS = (
					"DEBUG=1",
					"$(inherited)",
				);
				GCC_WARN_64_TO_32_BIT_CONVERSION = YES;
				GCC_WARN_ABOUT_RETURN_TYPE = YES_ERROR;
				GCC_WARN_UNDECLARED_SELECTOR = YES;
				GCC_WARN_UNINITIALIZED_AUTOS = YES_AGGRESSIVE;
				GCC_WARN_UNUSED_FUNCTION = YES;
				GCC_WARN_UNUSED_VARIABLE = YES;
				IPHONEOS_DEPLOYMENT_TARGET = 15.2;
				MTL_ENABLE_DEBUG_INFO = INCLUDE_SOURCE;
				MTL_FAST_MATH = YES;
				ONLY_ACTIVE_ARCH = YES;
				SDKROOT = iphoneos;
				SWIFT_ACTIVE_COMPILATION_CONDITIONS = DEBUG;
				SWIFT_OPTIMIZATION_LEVEL = "-Onone";
			};
			name = Debug;
		};
		A197110027DDD7EB00880014 /* Release */ = {
			isa = XCBuildConfiguration;
			buildSettings = {
				ALWAYS_SEARCH_USER_PATHS = NO;
				CLANG_ANALYZER_NONNULL = YES;
				CLANG_ANALYZER_NUMBER_OBJECT_CONVERSION = YES_AGGRESSIVE;
				CLANG_CXX_LANGUAGE_STANDARD = "gnu++17";
				CLANG_CXX_LIBRARY = "libc++";
				CLANG_ENABLE_MODULES = YES;
				CLANG_ENABLE_OBJC_ARC = YES;
				CLANG_ENABLE_OBJC_WEAK = YES;
				CLANG_WARN_BLOCK_CAPTURE_AUTORELEASING = YES;
				CLANG_WARN_BOOL_CONVERSION = YES;
				CLANG_WARN_COMMA = YES;
				CLANG_WARN_CONSTANT_CONVERSION = YES;
				CLANG_WARN_DEPRECATED_OBJC_IMPLEMENTATIONS = YES;
				CLANG_WARN_DIRECT_OBJC_ISA_USAGE = YES_ERROR;
				CLANG_WARN_DOCUMENTATION_COMMENTS = YES;
				CLANG_WARN_EMPTY_BODY = YES;
				CLANG_WARN_ENUM_CONVERSION = YES;
				CLANG_WARN_INFINITE_RECURSION = YES;
				CLANG_WARN_INT_CONVERSION = YES;
				CLANG_WARN_NON_LITERAL_NULL_CONVERSION = YES;
				CLANG_WARN_OBJC_IMPLICIT_RETAIN_SELF = YES;
				CLANG_WARN_OBJC_LITERAL_CONVERSION = YES;
				CLANG_WARN_OBJC_ROOT_CLASS = YES_ERROR;
				CLANG_WARN_QUOTED_INCLUDE_IN_FRAMEWORK_HEADER = YES;
				CLANG_WARN_RANGE_LOOP_ANALYSIS = YES;
				CLANG_WARN_STRICT_PROTOTYPES = YES;
				CLANG_WARN_SUSPICIOUS_MOVE = YES;
				CLANG_WARN_UNGUARDED_AVAILABILITY = YES_AGGRESSIVE;
				CLANG_WARN_UNREACHABLE_CODE = YES;
				CLANG_WARN__DUPLICATE_METHOD_MATCH = YES;
				COPY_PHASE_STRIP = NO;
				DEBUG_INFORMATION_FORMAT = "dwarf-with-dsym";
				ENABLE_NS_ASSERTIONS = NO;
				ENABLE_STRICT_OBJC_MSGSEND = YES;
				GCC_C_LANGUAGE_STANDARD = gnu11;
				GCC_NO_COMMON_BLOCKS = YES;
				GCC_WARN_64_TO_32_BIT_CONVERSION = YES;
				GCC_WARN_ABOUT_RETURN_TYPE = YES_ERROR;
				GCC_WARN_UNDECLARED_SELECTOR = YES;
				GCC_WARN_UNINITIALIZED_AUTOS = YES_AGGRESSIVE;
				GCC_WARN_UNUSED_FUNCTION = YES;
				GCC_WARN_UNUSED_VARIABLE = YES;
				IPHONEOS_DEPLOYMENT_TARGET = 15.2;
				MTL_ENABLE_DEBUG_INFO = NO;
				MTL_FAST_MATH = YES;
				SDKROOT = iphoneos;
				SWIFT_COMPILATION_MODE = wholemodule;
				SWIFT_OPTIMIZATION_LEVEL = "-O";
				VALIDATE_PRODUCT = YES;
			};
			name = Release;
		};
		A197110227DDD7EB00880014 /* Debug */ = {
			isa = XCBuildConfiguration;
			buildSettings = {
				ASSETCATALOG_COMPILER_APPICON_NAME = AppIcon;
				ASSETCATALOG_COMPILER_GLOBAL_ACCENT_COLOR_NAME = AccentColor;
				CODE_SIGN_STYLE = Automatic;
				CURRENT_PROJECT_VERSION = 1;
				DEVELOPMENT_TEAM = X5R2XG222B;
				GENERATE_INFOPLIST_FILE = YES;
				INFOPLIST_FILE = PersonalQuiz/Info.plist;
				INFOPLIST_KEY_UIApplicationSupportsIndirectInputEvents = YES;
				INFOPLIST_KEY_UILaunchStoryboardName = LaunchScreen;
				INFOPLIST_KEY_UIMainStoryboardFile = Main;
				INFOPLIST_KEY_UISupportedInterfaceOrientations_iPad = "UIInterfaceOrientationPortrait UIInterfaceOrientationPortraitUpsideDown UIInterfaceOrientationLandscapeLeft UIInterfaceOrientationLandscapeRight";
				INFOPLIST_KEY_UISupportedInterfaceOrientations_iPhone = "UIInterfaceOrientationPortrait UIInterfaceOrientationLandscapeLeft UIInterfaceOrientationLandscapeRight";
				LD_RUNPATH_SEARCH_PATHS = (
					"$(inherited)",
					"@executable_path/Frameworks",
				);
				MARKETING_VERSION = 1.0;
				PRODUCT_BUNDLE_IDENTIFIER = "Aleks-sinya.PersonalQuiz";
				PRODUCT_NAME = "$(TARGET_NAME)";
				SWIFT_EMIT_LOC_STRINGS = YES;
				SWIFT_VERSION = 5.0;
				TARGETED_DEVICE_FAMILY = "1,2";
			};
			name = Debug;
		};
		A197110327DDD7EB00880014 /* Release */ = {
			isa = XCBuildConfiguration;
			buildSettings = {
				ASSETCATALOG_COMPILER_APPICON_NAME = AppIcon;
				ASSETCATALOG_COMPILER_GLOBAL_ACCENT_COLOR_NAME = AccentColor;
				CODE_SIGN_STYLE = Automatic;
				CURRENT_PROJECT_VERSION = 1;
				DEVELOPMENT_TEAM = X5R2XG222B;
				GENERATE_INFOPLIST_FILE = YES;
				INFOPLIST_FILE = PersonalQuiz/Info.plist;
				INFOPLIST_KEY_UIApplicationSupportsIndirectInputEvents = YES;
				INFOPLIST_KEY_UILaunchStoryboardName = LaunchScreen;
				INFOPLIST_KEY_UIMainStoryboardFile = Main;
				INFOPLIST_KEY_UISupportedInterfaceOrientations_iPad = "UIInterfaceOrientationPortrait UIInterfaceOrientationPortraitUpsideDown UIInterfaceOrientationLandscapeLeft UIInterfaceOrientationLandscapeRight";
				INFOPLIST_KEY_UISupportedInterfaceOrientations_iPhone = "UIInterfaceOrientationPortrait UIInterfaceOrientationLandscapeLeft UIInterfaceOrientationLandscapeRight";
				LD_RUNPATH_SEARCH_PATHS = (
					"$(inherited)",
					"@executable_path/Frameworks",
				);
				MARKETING_VERSION = 1.0;
				PRODUCT_BUNDLE_IDENTIFIER = "Aleks-sinya.PersonalQuiz";
				PRODUCT_NAME = "$(TARGET_NAME)";
				SWIFT_EMIT_LOC_STRINGS = YES;
				SWIFT_VERSION = 5.0;
				TARGETED_DEVICE_FAMILY = "1,2";
			};
			name = Release;
		};
/* End XCBuildConfiguration section */

/* Begin XCConfigurationList section */
		A19710E827DDD7EA00880014 /* Build configuration list for PBXProject "PersonalQuiz" */ = {
			isa = XCConfigurationList;
			buildConfigurations = (
				A19710FF27DDD7EB00880014 /* Debug */,
				A197110027DDD7EB00880014 /* Release */,
			);
			defaultConfigurationIsVisible = 0;
			defaultConfigurationName = Release;
		};
		A197110127DDD7EB00880014 /* Build configuration list for PBXNativeTarget "PersonalQuiz" */ = {
			isa = XCConfigurationList;
			buildConfigurations = (
				A197110227DDD7EB00880014 /* Debug */,
				A197110327DDD7EB00880014 /* Release */,
			);
			defaultConfigurationIsVisible = 0;
			defaultConfigurationName = Release;
		};
/* End XCConfigurationList section */
	};
	rootObject = A19710E527DDD7EA00880014 /* Project object */;
}
